
Microsoft Visual Studio Solution File, Format Version 12.00
# Visual Studio Version 17
VisualStudioVersion = 17.11.35312.102
MinimumVisualStudioVersion = 10.0.40219.1
Project("{FAE04EC0-301F-11D3-BF4B-00C04F79EFBC}") = "SITICCommerce", "SITICCommerce.csproj", "{89235097-0F04-49AF-8770-10EA988B9138}"
EndProject
Project("{2150E333-8FDC-42A3-9474-1A3956D46DE8}") = "API", "API", "{88C6CDC2-F59E-4011-B84A-13BB5D9D7C7B}"
EndProject
Project("{2150E333-8FDC-42A3-9474-1A3956D46DE8}") = "BLL", "BLL", "{FB17C287-87CC-455D-BB6A-840DBCF68CC3}"
EndProject
Project("{2150E333-8FDC-42A3-9474-1A3956D46DE8}") = "Comun", "Comun", "{6F858ABF-130A-43BF-8D63-F6AB1FDE0AD4}"
EndProject
Project("{FAE04EC0-301F-11D3-BF4B-00C04F79EFBC}") = "VO", "..\Comun\VO\VO.csproj", "{22D1B005-604C-4A99-BF6D-EE812ADAB626}"
EndProject
Project("{FAE04EC0-301F-11D3-BF4B-00C04F79EFBC}") = "ProductBLL", "..\BLL\ProductBLL\ProductBLL.csproj", "{5D0032B9-DB9F-4153-8208-CF9D37D65FB2}"
EndProject
Project("{FAE04EC0-301F-11D3-BF4B-00C04F79EFBC}") = "CartBLL", "..\BLL\CartBLL\CartBLL.csproj", "{C739F800-EA43-4B9E-987F-A988E60BEBD6}"
EndProject
Project("{FAE04EC0-301F-11D3-BF4B-00C04F79EFBC}") = "OrderBLL", "..\BLL\OrderBLL\OrderBLL.csproj", "{19A3DA85-63E0-4717-9034-23AE31126167}"
EndProject
Project("{FAE04EC0-301F-11D3-BF4B-00C04F79EFBC}") = "ProductAPI", "..\API\ProductAPI\ProductAPI.csproj", "{3B7A0753-FA7C-43EF-A6B6-AFFF9FB78D23}"
EndProject
Project("{FAE04EC0-301F-11D3-BF4B-00C04F79EFBC}") = "CartAPI", "..\API\CartAPI\CartAPI.csproj", "{C7234755-1345-4393-8AA3-E74B4C48A15E}"
EndProject
Project("{FAE04EC0-301F-11D3-BF4B-00C04F79EFBC}") = "OrderAPI", "..\API\OrderAPI\OrderAPI.csproj", "{BCB4B7FE-66EA-4A2E-A3DB-333AD0F45ECA}"
EndProject
Global
	GlobalSection(SolutionConfigurationPlatforms) = preSolution
		Debug|Any CPU = Debug|Any CPU
		Release|Any CPU = Release|Any CPU
	EndGlobalSection
	GlobalSection(ProjectConfigurationPlatforms) = postSolution
		{89235097-0F04-49AF-8770-10EA988B9138}.Debug|Any CPU.ActiveCfg = Debug|Any CPU
		{89235097-0F04-49AF-8770-10EA988B9138}.Debug|Any CPU.Build.0 = Debug|Any CPU
		{89235097-0F04-49AF-8770-10EA988B9138}.Release|Any CPU.ActiveCfg = Release|Any CPU
		{89235097-0F04-49AF-8770-10EA988B9138}.Release|Any CPU.Build.0 = Release|Any CPU
		{22D1B005-604C-4A99-BF6D-EE812ADAB626}.Debug|Any CPU.ActiveCfg = Debug|Any CPU
		{22D1B005-604C-4A99-BF6D-EE812ADAB626}.Debug|Any CPU.Build.0 = Debug|Any CPU
		{22D1B005-604C-4A99-BF6D-EE812ADAB626}.Release|Any CPU.ActiveCfg = Release|Any CPU
		{22D1B005-604C-4A99-BF6D-EE812ADAB626}.Release|Any CPU.Build.0 = Release|Any CPU
		{5D0032B9-DB9F-4153-8208-CF9D37D65FB2}.Debug|Any CPU.ActiveCfg = Debug|Any CPU
		{5D0032B9-DB9F-4153-8208-CF9D37D65FB2}.Debug|Any CPU.Build.0 = Debug|Any CPU
		{5D0032B9-DB9F-4153-8208-CF9D37D65FB2}.Release|Any CPU.ActiveCfg = Release|Any CPU
		{5D0032B9-DB9F-4153-8208-CF9D37D65FB2}.Release|Any CPU.Build.0 = Release|Any CPU
		{C739F800-EA43-4B9E-987F-A988E60BEBD6}.Debug|Any CPU.ActiveCfg = Debug|Any CPU
		{C739F800-EA43-4B9E-987F-A988E60BEBD6}.Debug|Any CPU.Build.0 = Debug|Any CPU
		{C739F800-EA43-4B9E-987F-A988E60BEBD6}.Release|Any CPU.ActiveCfg = Release|Any CPU
		{C739F800-EA43-4B9E-987F-A988E60BEBD6}.Release|Any CPU.Build.0 = Release|Any CPU
		{19A3DA85-63E0-4717-9034-23AE31126167}.Debug|Any CPU.ActiveCfg = Debug|Any CPU
		{19A3DA85-63E0-4717-9034-23AE31126167}.Debug|Any CPU.Build.0 = Debug|Any CPU
		{19A3DA85-63E0-4717-9034-23AE31126167}.Release|Any CPU.ActiveCfg = Release|Any CPU
		{19A3DA85-63E0-4717-9034-23AE31126167}.Release|Any CPU.Build.0 = Release|Any CPU
		{3B7A0753-FA7C-43EF-A6B6-AFFF9FB78D23}.Debug|Any CPU.ActiveCfg = Debug|Any CPU
		{3B7A0753-FA7C-43EF-A6B6-AFFF9FB78D23}.Debug|Any CPU.Build.0 = Debug|Any CPU
		{3B7A0753-FA7C-43EF-A6B6-AFFF9FB78D23}.Release|Any CPU.ActiveCfg = Release|Any CPU
		{3B7A0753-FA7C-43EF-A6B6-AFFF9FB78D23}.Release|Any CPU.Build.0 = Release|Any CPU
		{C7234755-1345-4393-8AA3-E74B4C48A15E}.Debug|Any CPU.ActiveCfg = Debug|Any CPU
		{C7234755-1345-4393-8AA3-E74B4C48A15E}.Debug|Any CPU.Build.0 = Debug|Any CPU
		{C7234755-1345-4393-8AA3-E74B4C48A15E}.Release|Any CPU.ActiveCfg = Release|Any CPU
		{C7234755-1345-4393-8AA3-E74B4C48A15E}.Release|Any CPU.Build.0 = Release|Any CPU
		{BCB4B7FE-66EA-4A2E-A3DB-333AD0F45ECA}.Debug|Any CPU.ActiveCfg = Debug|Any CPU
		{BCB4B7FE-66EA-4A2E-A3DB-333AD0F45ECA}.Debug|Any CPU.Build.0 = Debug|Any CPU
		{BCB4B7FE-66EA-4A2E-A3DB-333AD0F45ECA}.Release|Any CPU.ActiveCfg = Release|Any CPU
		{BCB4B7FE-66EA-4A2E-A3DB-333AD0F45ECA}.Release|Any CPU.Build.0 = Release|Any CPU
	EndGlobalSection
	GlobalSection(SolutionProperties) = preSolution
		HideSolutionNode = FALSE
	EndGlobalSection
	GlobalSection(NestedProjects) = preSolution
		{22D1B005-604C-4A99-BF6D-EE812ADAB626} = {6F858ABF-130A-43BF-8D63-F6AB1FDE0AD4}
		{5D0032B9-DB9F-4153-8208-CF9D37D65FB2} = {FB17C287-87CC-455D-BB6A-840DBCF68CC3}
		{C739F800-EA43-4B9E-987F-A988E60BEBD6} = {FB17C287-87CC-455D-BB6A-840DBCF68CC3}
		{19A3DA85-63E0-4717-9034-23AE31126167} = {FB17C287-87CC-455D-BB6A-840DBCF68CC3}
		{3B7A0753-FA7C-43EF-A6B6-AFFF9FB78D23} = {88C6CDC2-F59E-4011-B84A-13BB5D9D7C7B}
		{C7234755-1345-4393-8AA3-E74B4C48A15E} = {88C6CDC2-F59E-4011-B84A-13BB5D9D7C7B}
		{BCB4B7FE-66EA-4A2E-A3DB-333AD0F45ECA} = {88C6CDC2-F59E-4011-B84A-13BB5D9D7C7B}
	EndGlobalSection
	GlobalSection(ExtensibilityGlobals) = postSolution
		SolutionGuid = {4C7C430D-53CB-4B2E-AD3B-4700F3839DBD}
	EndGlobalSection
EndGlobal
